
Microsoft Visual Studio Solution File, Format Version 12.00
# Visual Studio Version 17
VisualStudioVersion = 17.14.36414.22
MinimumVisualStudioVersion = 10.0.40219.1
Project("{FAE04EC0-301F-11D3-BF4B-00C04F79EFBC}") = "Neasden.Receiver", "Neasden.Receiver\Neasden.Receiver.csproj", "{91DF046E-4104-45BE-A630-729B38871329}"
EndProject
Project("{FAE04EC0-301F-11D3-BF4B-00C04F79EFBC}") = "Neasden.Repository", "Neasden.Repository\Neasden.Repository.csproj", "{FE1D645E-B365-4F4C-913A-EC0A9F1F98D8}"
EndProject
Project("{FAE04EC0-301F-11D3-BF4B-00C04F79EFBC}") = "Neasden.API", "Neasden.API\Neasden.API.csproj", "{8796B45A-538B-4E10-8365-863D3412B31B}"
EndProject
Project("{FAE04EC0-301F-11D3-BF4B-00C04F79EFBC}") = "Neasden.Repository.Integration.Tests", "Neasden.Repository.Integration.Tests\Neasden.Repository.Integration.Tests.csproj", "{4E3A48BE-9A0A-4B35-A825-B0B0D968B028}"
EndProject
Project("{FAE04EC0-301F-11D3-BF4B-00C04F79EFBC}") = "Neasden.API.Integration.Tests", "Neasden.API.Integration.Tests\Neasden.API.Integration.Tests.csproj", "{1D9AB403-0A79-4863-8672-47E5B6FFB73E}"
EndProject
Global
	GlobalSection(SolutionConfigurationPlatforms) = preSolution
		Debug|Any CPU = Debug|Any CPU
		Release|Any CPU = Release|Any CPU
	EndGlobalSection
	GlobalSection(ProjectConfigurationPlatforms) = postSolution
		{91DF046E-4104-45BE-A630-729B38871329}.Debug|Any CPU.ActiveCfg = Debug|Any CPU
		{91DF046E-4104-45BE-A630-729B38871329}.Debug|Any CPU.Build.0 = Debug|Any CPU
		{91DF046E-4104-45BE-A630-729B38871329}.Release|Any CPU.ActiveCfg = Release|Any CPU
		{91DF046E-4104-45BE-A630-729B38871329}.Release|Any CPU.Build.0 = Release|Any CPU
		{FE1D645E-B365-4F4C-913A-EC0A9F1F98D8}.Debug|Any CPU.ActiveCfg = Debug|Any CPU
		{FE1D645E-B365-4F4C-913A-EC0A9F1F98D8}.Debug|Any CPU.Build.0 = Debug|Any CPU
		{FE1D645E-B365-4F4C-913A-EC0A9F1F98D8}.Release|Any CPU.ActiveCfg = Release|Any CPU
		{FE1D645E-B365-4F4C-913A-EC0A9F1F98D8}.Release|Any CPU.Build.0 = Release|Any CPU
		{8796B45A-538B-4E10-8365-863D3412B31B}.Debug|Any CPU.ActiveCfg = Debug|Any CPU
		{8796B45A-538B-4E10-8365-863D3412B31B}.Debug|Any CPU.Build.0 = Debug|Any CPU
		{8796B45A-538B-4E10-8365-863D3412B31B}.Release|Any CPU.ActiveCfg = Release|Any CPU
		{8796B45A-538B-4E10-8365-863D3412B31B}.Release|Any CPU.Build.0 = Release|Any CPU
		{4E3A48BE-9A0A-4B35-A825-B0B0D968B028}.Debug|Any CPU.ActiveCfg = Debug|Any CPU
		{4E3A48BE-9A0A-4B35-A825-B0B0D968B028}.Debug|Any CPU.Build.0 = Debug|Any CPU
		{4E3A48BE-9A0A-4B35-A825-B0B0D968B028}.Release|Any CPU.ActiveCfg = Release|Any CPU
		{4E3A48BE-9A0A-4B35-A825-B0B0D968B028}.Release|Any CPU.Build.0 = Release|Any CPU
		{1D9AB403-0A79-4863-8672-47E5B6FFB73E}.Debug|Any CPU.ActiveCfg = Debug|Any CPU
		{1D9AB403-0A79-4863-8672-47E5B6FFB73E}.Debug|Any CPU.Build.0 = Debug|Any CPU
		{1D9AB403-0A79-4863-8672-47E5B6FFB73E}.Release|Any CPU.ActiveCfg = Release|Any CPU
		{1D9AB403-0A79-4863-8672-47E5B6FFB73E}.Release|Any CPU.Build.0 = Release|Any CPU
	EndGlobalSection
	GlobalSection(SolutionProperties) = preSolution
		HideSolutionNode = FALSE
	EndGlobalSection
	GlobalSection(ExtensibilityGlobals) = postSolution
		SolutionGuid = {331E0C07-693E-4847-980E-C67C819D68C4}
	EndGlobalSection
EndGlobal
